
Microsoft Visual Studio Solution File, Format Version 12.00
# Visual Studio Version 16
VisualStudioVersion = 16.0.31702.278
MinimumVisualStudioVersion = 10.0.40219.1
Project("{8BC9CEB8-8B4A-11D0-8D11-00A0C91BC942}") = "MFC05", "MFC05.vcxproj", "{44E00DAF-6D95-4F58-A96D-364E0AC47CA4}"
EndProject
Global
	GlobalSection(SolutionConfigurationPlatforms) = preSolution
		Debug|x64 = Debug|x64
		Debug|x86 = Debug|x86
		Release|x64 = Release|x64
		Release|x86 = Release|x86
	EndGlobalSection
	GlobalSection(ProjectConfigurationPlatforms) = postSolution
		{44E00DAF-6D95-4F58-A96D-364E0AC47CA4}.Debug|x64.ActiveCfg = Debug|x64
		{44E00DAF-6D95-4F58-A96D-364E0AC47CA4}.Debug|x64.Build.0 = Debug|x64
		{44E00DAF-6D95-4F58-A96D-364E0AC47CA4}.Debug|x86.ActiveCfg = Debug|Win32
		{44E00DAF-6D95-4F58-A96D-364E0AC47CA4}.Debug|x86.Build.0 = Debug|Win32
		{44E00DAF-6D95-4F58-A96D-364E0AC47CA4}.Release|x64.ActiveCfg = Release|x64
		{44E00DAF-6D95-4F58-A96D-364E0AC47CA4}.Release|x64.Build.0 = Release|x64
		{44E00DAF-6D95-4F58-A96D-364E0AC47CA4}.Release|x86.ActiveCfg = Release|Win32
		{44E00DAF-6D95-4F58-A96D-364E0AC47CA4}.Release|x86.Build.0 = Release|Win32
	EndGlobalSection
	GlobalSection(SolutionProperties) = preSolution
		HideSolutionNode = FALSE
	EndGlobalSection
	GlobalSection(ExtensibilityGlobals) = postSolution
		SolutionGuid = {A38EA78C-26CF-4362-A7FC-424531DA478E}
	EndGlobalSection
EndGlobal
